
Microsoft Visual Studio Solution File, Format Version 12.00
# Visual Studio Version 17
VisualStudioVersion = 17.8.34511.84
MinimumVisualStudioVersion = 10.0.40219.1
Project("{FAE04EC0-301F-11D3-BF4B-00C04F79EFBC}") = "view_demo1", "view_demo1\view_demo1.csproj", "{04D990BF-D0A1-47D7-8023-1DDC8A605429}"
EndProject
Global
	GlobalSection(SolutionConfigurationPlatforms) = preSolution
		Debug|Any CPU = Debug|Any CPU
		Release|Any CPU = Release|Any CPU
	EndGlobalSection
	GlobalSection(ProjectConfigurationPlatforms) = postSolution
		{04D990BF-D0A1-47D7-8023-1DDC8A605429}.Debug|Any CPU.ActiveCfg = Debug|Any CPU
		{04D990BF-D0A1-47D7-8023-1DDC8A605429}.Debug|Any CPU.Build.0 = Debug|Any CPU
		{04D990BF-D0A1-47D7-8023-1DDC8A605429}.Release|Any CPU.ActiveCfg = Release|Any CPU
		{04D990BF-D0A1-47D7-8023-1DDC8A605429}.Release|Any CPU.Build.0 = Release|Any CPU
	EndGlobalSection
	GlobalSection(SolutionProperties) = preSolution
		HideSolutionNode = FALSE
	EndGlobalSection
	GlobalSection(ExtensibilityGlobals) = postSolution
		SolutionGuid = {EDC9D847-6C4D-4DE0-954A-3A27BF292271}
	EndGlobalSection
EndGlobal
